
Microsoft Visual Studio Solution File, Format Version 12.00
# Visual Studio Version 17
VisualStudioVersion = 17.6.33723.286
MinimumVisualStudioVersion = 10.0.40219.1
Project("{FAE04EC0-301F-11D3-BF4B-00C04F79EFBC}") = "CodePulseAPI", "CodePulseAPI\CodePulseAPI.csproj", "{34D74E5F-3810-452D-B6BA-3AF231F367F6}"
EndProject
Global
	GlobalSection(SolutionConfigurationPlatforms) = preSolution
		Debug|Any CPU = Debug|Any CPU
		Release|Any CPU = Release|Any CPU
	EndGlobalSection
	GlobalSection(ProjectConfigurationPlatforms) = postSolution
		{34D74E5F-3810-452D-B6BA-3AF231F367F6}.Debug|Any CPU.ActiveCfg = Debug|Any CPU
		{34D74E5F-3810-452D-B6BA-3AF231F367F6}.Debug|Any CPU.Build.0 = Debug|Any CPU
		{34D74E5F-3810-452D-B6BA-3AF231F367F6}.Release|Any CPU.ActiveCfg = Release|Any CPU
		{34D74E5F-3810-452D-B6BA-3AF231F367F6}.Release|Any CPU.Build.0 = Release|Any CPU
	EndGlobalSection
	GlobalSection(SolutionProperties) = preSolution
		HideSolutionNode = FALSE
	EndGlobalSection
	GlobalSection(ExtensibilityGlobals) = postSolution
		SolutionGuid = {928D1872-3D78-42E7-8042-7E4792855804}
	EndGlobalSection
EndGlobal
